{
  "lockfileVersion": 1,
  "configVersion": 1,
  "workspaces": {
    "": {
      "name": "analyta",
      "dependencies": {
        "snappy": "^7.3.3",
      },
      "devDependencies": {
        "@types/bun": "^1.3.9",
        "elysia": "^1.4.26",
        "mitata": "^1.0.34",
      },
      "peerDependencies": {
        "typescript": "^5",
      },
    },
  },
  "packages": {
    "@borewit/text-codec": ["@borewit/text-codec@0.2.1", "", {}, "sha512-k7vvKPbf7J2fZ5klGRD9AeKfUvojuZIQ3BT5u7Jfv+puwXkUBUT5PVyMDfJZpy30CBDXGMgw7fguK/lpOMBvgw=="],

    "@emnapi/core": ["@emnapi/core@1.8.1", "", { "dependencies": { "@emnapi/wasi-threads": "1.1.0", "tslib": "^2.4.0" } }, "sha512-AvT9QFpxK0Zd8J0jopedNm+w/2fIzvtPKPjqyw9jwvBaReTTqPBk9Hixaz7KbjimP+QNz605/XnjFcDAL2pqBg=="],

    "@emnapi/runtime": ["@emnapi/runtime@1.8.1", "", { "dependencies": { "tslib": "^2.4.0" } }, "sha512-mehfKSMWjjNol8659Z8KxEMrdSJDDot5SXMq00dM8BN4o+CLNXQ0xH2V7EchNHV4RmbZLmmPdEaXZc5H2FXmDg=="],

    "@emnapi/wasi-threads": ["@emnapi/wasi-threads@1.1.0", "", { "dependencies": { "tslib": "^2.4.0" } }, "sha512-WI0DdZ8xFSbgMjR1sFsKABJ/C5OnRrjT06JXbZKexJGrDuPTzZdDYfFlsgcCXCyf+suG5QU2e/y1Wo2V/OapLQ=="],

    "@napi-rs/snappy-android-arm-eabi": ["@napi-rs/snappy-android-arm-eabi@7.3.3", "", { "os": "android", "cpu": "arm" }, "sha512-d4vUFFzNBvazGfB/KU8MnEax6itTIgRWXodPdZDnWKHy9HwVBndpCiedQDcSNHcZNYV36rx034rpn7SAuTL2NA=="],

    "@napi-rs/snappy-android-arm64": ["@napi-rs/snappy-android-arm64@7.3.3", "", { "os": "android", "cpu": "arm64" }, "sha512-Uh+w18dhzjVl85MGhRnojb7OLlX2ErvMsYIunO/7l3Frvc2zQvfqsWsFJanu2dwqlE2YDooeNP84S+ywgN9sxg=="],

    "@napi-rs/snappy-darwin-arm64": ["@napi-rs/snappy-darwin-arm64@7.3.3", "", { "os": "darwin", "cpu": "arm64" }, "sha512-AmJn+6yOu/0V0YNHLKmRUNYkn93iv/1wtPayC7O1OHtfY6YqHQ31/MVeeRBiEYtQW9TwVZxXrDirxSB1PxRdtw=="],

    "@napi-rs/snappy-darwin-x64": ["@napi-rs/snappy-darwin-x64@7.3.3", "", { "os": "darwin", "cpu": "x64" }, "sha512-biLTXBmPjPmO7HIpv+5BaV9Gy/4+QJSUNJW8Pjx1UlWAVnocPy7um+zbvAWStZssTI5sfn/jOClrAegD4w09UA=="],

    "@napi-rs/snappy-freebsd-x64": ["@napi-rs/snappy-freebsd-x64@7.3.3", "", { "os": "freebsd", "cpu": "x64" }, "sha512-E3R3ewm8Mrjm0yL2TC3VgnphDsQaCPixNJqBbGiz3NTshVDhlPlOgPKF0NGYqKiKaDGdD9PKtUgOR4vagUtn7g=="],

    "@napi-rs/snappy-linux-arm-gnueabihf": ["@napi-rs/snappy-linux-arm-gnueabihf@7.3.3", "", { "os": "linux", "cpu": "arm" }, "sha512-ZuNgtmk9j0KyT7TfLyEnvZJxOhbkyNR761nk04F0Q4NTHMICP28wQj0xgEsnCHUsEeA9OXrRL4R7waiLn+rOQA=="],

    "@napi-rs/snappy-linux-arm64-gnu": ["@napi-rs/snappy-linux-arm64-gnu@7.3.3", "", { "os": "linux", "cpu": "arm64" }, "sha512-KIzwtq0dAzshzpqZWjg0Q9lUx93iZN7wCCUzCdLYIQ+mvJZKM10VCdn0RcuQze1R3UJTPwpPLXQIVskNMBYyPA=="],

    "@napi-rs/snappy-linux-arm64-musl": ["@napi-rs/snappy-linux-arm64-musl@7.3.3", "", { "os": "linux", "cpu": "arm64" }, "sha512-AAED4cQS74xPvktsyVmz5sy8vSxG/+3d7Rq2FDBZzj3Fv6v5vux6uZnECPCAqpALCdTtJ61unqpOyqO7hZCt1Q=="],

    "@napi-rs/snappy-linux-ppc64-gnu": ["@napi-rs/snappy-linux-ppc64-gnu@7.3.3", "", { "os": "linux", "cpu": "ppc64" }, "sha512-pofO5eSLg8ZTBwVae4WHHwJxJGZI8NEb4r5Mppvq12J/1/Hq1HecClXmfY3A7bdT2fsS2Td+Q7CI9VdBOj2sbA=="],

    "@napi-rs/snappy-linux-riscv64-gnu": ["@napi-rs/snappy-linux-riscv64-gnu@7.3.3", "", { "os": "linux", "cpu": "none" }, "sha512-OiHYdeuwj0TVBXADUmmQDQ4lL1TB+8EwmXnFgOutoDVXHaUl0CJFyXLa6tYUXe+gRY8hs1v7eb0vyE97LKY06Q=="],

    "@napi-rs/snappy-linux-s390x-gnu": ["@napi-rs/snappy-linux-s390x-gnu@7.3.3", "", { "os": "linux", "cpu": "s390x" }, "sha512-66QdmuV9CTq/S/xifZXlMy3PsZTviAgkqqpZ+7vPCmLtuP+nqhaeupShOFf/sIDsS0gZePazPosPTeTBbhkLHg=="],

    "@napi-rs/snappy-linux-x64-gnu": ["@napi-rs/snappy-linux-x64-gnu@7.3.3", "", { "os": "linux", "cpu": "x64" }, "sha512-g6KURjOxrgb8yXDEZMuIcHkUr/7TKlDwSiydEQtMtP3n4iI4sNjkcE/WNKlR3+t9bZh1pFGAq7NFRBtouQGHpQ=="],

    "@napi-rs/snappy-linux-x64-musl": ["@napi-rs/snappy-linux-x64-musl@7.3.3", "", { "os": "linux", "cpu": "x64" }, "sha512-6UvOyczHknpaKjrlKKSlX3rwpOrfJwiMG6qA0NRKJFgbcCAEUxmN9A8JvW4inP46DKdQ0bekdOxwRtAhFiTDfg=="],

    "@napi-rs/snappy-openharmony-arm64": ["@napi-rs/snappy-openharmony-arm64@7.3.3", "", { "os": "none", "cpu": "arm64" }, "sha512-I5mak/5rTprobf7wMCk0vFhClmWOL/QiIJM4XontysnadmP/R9hAcmuFmoMV2GaxC9MblqLA7Z++gy8ou5hJVw=="],

    "@napi-rs/snappy-wasm32-wasi": ["@napi-rs/snappy-wasm32-wasi@7.3.3", "", { "dependencies": { "@napi-rs/wasm-runtime": "^1.0.3" }, "cpu": "none" }, "sha512-+EroeygVYo9RksOchjF206frhMkfD2PaIun3yH4Zp5j/Y0oIEgs/+VhAYx/f+zHRylQYUIdLzDRclcoepvlR8Q=="],

    "@napi-rs/snappy-win32-arm64-msvc": ["@napi-rs/snappy-win32-arm64-msvc@7.3.3", "", { "os": "win32", "cpu": "arm64" }, "sha512-rxqfntBsCfzgOha/OlG8ld2hs6YSMGhpMUbFjeQLyVDbooY041fRXv3S7yk52DfO6H4QQhLT5+p7cW0mYdhyiQ=="],

    "@napi-rs/snappy-win32-ia32-msvc": ["@napi-rs/snappy-win32-ia32-msvc@7.3.3", "", { "os": "win32", "cpu": "ia32" }, "sha512-joRV16DsRtqjGt0CdSpxGCkO0UlHGeTZ/GqvdscoALpRKbikR2Top4C61dxEchmOd3lSYsXutuwWWGg3Nr++WA=="],

    "@napi-rs/snappy-win32-x64-msvc": ["@napi-rs/snappy-win32-x64-msvc@7.3.3", "", { "os": "win32", "cpu": "x64" }, "sha512-cEnQwcsdJyOU7HSZODWsHpKuQoSYM4jaqw/hn9pOXYbRN1+02WxYppD3fdMuKN6TOA6YG5KA5PHRNeVilNX86Q=="],

    "@napi-rs/wasm-runtime": ["@napi-rs/wasm-runtime@1.1.1", "", { "dependencies": { "@emnapi/core": "^1.7.1", "@emnapi/runtime": "^1.7.1", "@tybys/wasm-util": "^0.10.1" } }, "sha512-p64ah1M1ld8xjWv3qbvFwHiFVWrq1yFvV4f7w+mzaqiR4IlSgkqhcRdHwsGgomwzBH51sRY4NEowLxnaBjcW/A=="],

    "@sinclair/typebox": ["@sinclair/typebox@0.34.48", "", {}, "sha512-kKJTNuK3AQOrgjjotVxMrCn1sUJwM76wMszfq1kdU4uYVJjvEWuFQ6HgvLt4Xz3fSmZlTOxJ/Ie13KnIcWQXFA=="],

    "@tokenizer/inflate": ["@tokenizer/inflate@0.4.1", "", { "dependencies": { "debug": "^4.4.3", "token-types": "^6.1.1" } }, "sha512-2mAv+8pkG6GIZiF1kNg1jAjh27IDxEPKwdGul3snfztFerfPGI1LjDezZp3i7BElXompqEtPmoPx6c2wgtWsOA=="],

    "@tokenizer/token": ["@tokenizer/token@0.3.0", "", {}, "sha512-OvjF+z51L3ov0OyAU0duzsYuvO01PH7x4t6DJx+guahgTnBHkhJdG7soQeTSFLWN3efnHyibZ4Z8l2EuWwJN3A=="],

    "@tybys/wasm-util": ["@tybys/wasm-util@0.10.1", "", { "dependencies": { "tslib": "^2.4.0" } }, "sha512-9tTaPJLSiejZKx+Bmog4uSubteqTvFrVrURwkmHixBo0G4seD0zUxp98E1DzUBJxLQ3NPwXrGKDiVjwx/DpPsg=="],

    "@types/bun": ["@types/bun@1.3.9", "", { "dependencies": { "bun-types": "1.3.9" } }, "sha512-KQ571yULOdWJiMH+RIWIOZ7B2RXQGpL1YQrBtLIV3FqDcCu6FsbFUBwhdKUlCKUpS3PJDsHlJ1QKlpxoVR+xtw=="],

    "@types/node": ["@types/node@25.3.0", "", { "dependencies": { "undici-types": "~7.18.0" } }, "sha512-4K3bqJpXpqfg2XKGK9bpDTc6xO/xoUP/RBWS7AtRMug6zZFaRekiLzjVtAoZMquxoAbzBvy5nxQ7veS5eYzf8A=="],

    "bun-types": ["bun-types@1.3.9", "", { "dependencies": { "@types/node": "*" } }, "sha512-+UBWWOakIP4Tswh0Bt0QD0alpTY8cb5hvgiYeWCMet9YukHbzuruIEeXC2D7nMJPB12kbh8C7XJykSexEqGKJg=="],

    "cookie": ["cookie@1.1.1", "", {}, "sha512-ei8Aos7ja0weRpFzJnEA9UHJ/7XQmqglbRwnf2ATjcB9Wq874VKH9kfjjirM6UhU2/E5fFYadylyhFldcqSidQ=="],

    "debug": ["debug@4.4.3", "", { "dependencies": { "ms": "^2.1.3" } }, "sha512-RGwwWnwQvkVfavKVt22FGLw+xYSdzARwm0ru6DhTVA3umU5hZc28V3kO4stgYryrTlLpuvgI9GiijltAjNbcqA=="],

    "elysia": ["elysia@1.4.26", "", { "dependencies": { "cookie": "^1.1.1", "exact-mirror": "^0.2.7", "fast-decode-uri-component": "^1.0.1", "memoirist": "^0.4.0" }, "peerDependencies": { "@sinclair/typebox": ">= 0.34.0 < 1", "@types/bun": ">= 1.2.0", "file-type": ">= 20.0.0", "openapi-types": ">= 12.0.0", "typescript": ">= 5.0.0" }, "optionalPeers": ["@types/bun", "typescript"] }, "sha512-oGhEFYwt+4M/U9w34XTdBen2KOQIa/PXne40zUkTWRgJlVJNBhepxOdjWeY1U0CbYoEOyZaj1tc79wOsuCxMYw=="],

    "exact-mirror": ["exact-mirror@0.2.7", "", { "peerDependencies": { "@sinclair/typebox": "^0.34.15" }, "optionalPeers": ["@sinclair/typebox"] }, "sha512-+MeEmDcLA4o/vjK2zujgk+1VTxPR4hdp23qLqkWfStbECtAq9gmsvQa3LW6z/0GXZyHJobrCnmy1cdeE7BjsYg=="],

    "fast-decode-uri-component": ["fast-decode-uri-component@1.0.1", "", {}, "sha512-WKgKWg5eUxvRZGwW8FvfbaH7AXSh2cL+3j5fMGzUMCxWBJ3dV3a7Wz8y2f/uQ0e3B6WmodD3oS54jTQ9HVTIIg=="],

    "file-type": ["file-type@21.3.0", "", { "dependencies": { "@tokenizer/inflate": "^0.4.1", "strtok3": "^10.3.4", "token-types": "^6.1.1", "uint8array-extras": "^1.4.0" } }, "sha512-8kPJMIGz1Yt/aPEwOsrR97ZyZaD1Iqm8PClb1nYFclUCkBi0Ma5IsYNQzvSFS9ib51lWyIw5mIT9rWzI/xjpzA=="],

    "ieee754": ["ieee754@1.2.1", "", {}, "sha512-dcyqhDvX1C46lXZcVqCpK+FtMRQVdIMN6/Df5js2zouUsqG7I6sFxitIC+7KYK29KdXOLHdu9zL4sFnoVQnqaA=="],

    "memoirist": ["memoirist@0.4.0", "", {}, "sha512-zxTgA0mSYELa66DimuNQDvyLq36AwDlTuVRbnQtB+VuTcKWm5Qc4z3WkSpgsFWHNhexqkIooqpv4hdcqrX5Nmg=="],

    "mitata": ["mitata@1.0.34", "", {}, "sha512-Mc3zrtNBKIMeHSCQ0XqRLo1vbdIx1wvFV9c8NJAiyho6AjNfMY8bVhbS12bwciUdd1t4rj8099CH3N3NFahaUA=="],

    "ms": ["ms@2.1.3", "", {}, "sha512-6FlzubTLZG3J2a/NVCAleEhjzq5oxgHyaCU9yYXvcLsvoVaHJq/s5xXI6/XXP6tz7R9xAOtHnSO/tXtF3WRTlA=="],

    "openapi-types": ["openapi-types@12.1.3", "", {}, "sha512-N4YtSYJqghVu4iek2ZUvcN/0aqH1kRDuNqzcycDxhOUpg7GdvLa2F3DgS6yBNhInhv2r/6I0Flkn7CqL8+nIcw=="],

    "snappy": ["snappy@7.3.3", "", { "optionalDependencies": { "@napi-rs/snappy-android-arm-eabi": "7.3.3", "@napi-rs/snappy-android-arm64": "7.3.3", "@napi-rs/snappy-darwin-arm64": "7.3.3", "@napi-rs/snappy-darwin-x64": "7.3.3", "@napi-rs/snappy-freebsd-x64": "7.3.3", "@napi-rs/snappy-linux-arm-gnueabihf": "7.3.3", "@napi-rs/snappy-linux-arm64-gnu": "7.3.3", "@napi-rs/snappy-linux-arm64-musl": "7.3.3", "@napi-rs/snappy-linux-ppc64-gnu": "7.3.3", "@napi-rs/snappy-linux-riscv64-gnu": "7.3.3", "@napi-rs/snappy-linux-s390x-gnu": "7.3.3", "@napi-rs/snappy-linux-x64-gnu": "7.3.3", "@napi-rs/snappy-linux-x64-musl": "7.3.3", "@napi-rs/snappy-openharmony-arm64": "7.3.3", "@napi-rs/snappy-wasm32-wasi": "7.3.3", "@napi-rs/snappy-win32-arm64-msvc": "7.3.3", "@napi-rs/snappy-win32-ia32-msvc": "7.3.3", "@napi-rs/snappy-win32-x64-msvc": "7.3.3" } }, "sha512-UDJVCunvgblRpfTOjo/uT7pQzfrTsSICJ4yVS4aq7SsGBaUSpJwaVP15nF//jqinSLpN7boe/BqbUmtWMTQ5MQ=="],

    "strtok3": ["strtok3@10.3.4", "", { "dependencies": { "@tokenizer/token": "^0.3.0" } }, "sha512-KIy5nylvC5le1OdaaoCJ07L+8iQzJHGH6pWDuzS+d07Cu7n1MZ2x26P8ZKIWfbK02+XIL8Mp4RkWeqdUCrDMfg=="],

    "token-types": ["token-types@6.1.2", "", { "dependencies": { "@borewit/text-codec": "^0.2.1", "@tokenizer/token": "^0.3.0", "ieee754": "^1.2.1" } }, "sha512-dRXchy+C0IgK8WPC6xvCHFRIWYUbqqdEIKPaKo/AcTUNzwLTK6AH7RjdLWsEZcAN/TBdtfUw3PYEgPr5VPr6ww=="],

    "tslib": ["tslib@2.8.1", "", {}, "sha512-oJFu94HQb+KVduSUQL7wnpmqnfmLsOA/nAh6b6EH0wCEoK0/mPeXU6c3wKDV83MkOuHPRHtSXKKU99IBazS/2w=="],

    "typescript": ["typescript@5.9.3", "", { "bin": { "tsc": "bin/tsc", "tsserver": "bin/tsserver" } }, "sha512-jl1vZzPDinLr9eUt3J/t7V6FgNEw9QjvBPdysz9KfQDD41fQrC2Y4vKQdiaUpFT4bXlb1RHhLpp8wtm6M5TgSw=="],

    "uint8array-extras": ["uint8array-extras@1.5.0", "", {}, "sha512-rvKSBiC5zqCCiDZ9kAOszZcDvdAHwwIKJG33Ykj43OKcWsnmcBRL09YTU4nOeHZ8Y2a7l1MgTd08SBe9A8Qj6A=="],

    "undici-types": ["undici-types@7.18.2", "", {}, "sha512-AsuCzffGHJybSaRrmr5eHr81mwJU3kjw6M+uprWvCXiNeN9SOGwQ3Jn8jb8m3Z6izVgknn1R0FTCEAP2QrLY/w=="],
  }
}
